
Microsoft Visual Studio Solution File, Format Version 12.00
# Visual Studio Version 16
VisualStudioVersion = 16.0.29709.97
MinimumVisualStudioVersion = 10.0.40219.1
Project("{FAE04EC0-301F-11D3-BF4B-00C04F79EFBC}") = "WiimoteTest", "WiimoteTest\WiimoteTest.csproj", "{48223EAB-B2E0-4A64-9074-4444662EB693}"
EndProject
Project("{FAE04EC0-301F-11D3-BF4B-00C04F79EFBC}") = "WiimoteLib", "WiimoteLib\WiimoteLib.csproj", "{37A555DF-7012-4B99-8A47-1C922A361E52}"
EndProject
Global
	GlobalSection(SolutionConfigurationPlatforms) = preSolution
		Debug|Any CPU = Debug|Any CPU
		Debug|x64 = Debug|x64
		Release|Any CPU = Release|Any CPU
		Release|x64 = Release|x64
	EndGlobalSection
	GlobalSection(ProjectConfigurationPlatforms) = postSolution
		{48223EAB-B2E0-4A64-9074-4444662EB693}.Debug|Any CPU.ActiveCfg = Debug|Any CPU
		{48223EAB-B2E0-4A64-9074-4444662EB693}.Debug|Any CPU.Build.0 = Debug|Any CPU
		{48223EAB-B2E0-4A64-9074-4444662EB693}.Debug|x64.ActiveCfg = Debug|x64
		{48223EAB-B2E0-4A64-9074-4444662EB693}.Debug|x64.Build.0 = Debug|x64
		{48223EAB-B2E0-4A64-9074-4444662EB693}.Release|Any CPU.ActiveCfg = Release|Any CPU
		{48223EAB-B2E0-4A64-9074-4444662EB693}.Release|Any CPU.Build.0 = Release|Any CPU
		{48223EAB-B2E0-4A64-9074-4444662EB693}.Release|x64.ActiveCfg = Release|x64
		{48223EAB-B2E0-4A64-9074-4444662EB693}.Release|x64.Build.0 = Release|x64
		{37A555DF-7012-4B99-8A47-1C922A361E52}.Debug|Any CPU.ActiveCfg = Debug|Any CPU
		{37A555DF-7012-4B99-8A47-1C922A361E52}.Debug|Any CPU.Build.0 = Debug|Any CPU
		{37A555DF-7012-4B99-8A47-1C922A361E52}.Debug|x64.ActiveCfg = Debug|x64
		{37A555DF-7012-4B99-8A47-1C922A361E52}.Debug|x64.Build.0 = Debug|x64
		{37A555DF-7012-4B99-8A47-1C922A361E52}.Debug|x64.Build.2 = Debug MSRS|x64
		{37A555DF-7012-4B99-8A47-1C922A361E52}.Release|Any CPU.ActiveCfg = Release|Any CPU
		{37A555DF-7012-4B99-8A47-1C922A361E52}.Release|Any CPU.Build.0 = Release|Any CPU
		{37A555DF-7012-4B99-8A47-1C922A361E52}.Release|x64.ActiveCfg = Release|x64
		{37A555DF-7012-4B99-8A47-1C922A361E52}.Release|x64.Build.0 = Release|x64
	EndGlobalSection
	GlobalSection(SolutionProperties) = preSolution
		HideSolutionNode = FALSE
	EndGlobalSection
	GlobalSection(ExtensibilityGlobals) = postSolution
		SolutionGuid = {C83F2729-8C64-44B3-B942-4A1FC7970E99}
	EndGlobalSection
EndGlobal
